<Solution>
  <Project Path="IncidentManagement.API/IncidentManagement.API.csproj" />
  <Project Path="IncidentManagement.Application/IncidentManagement.Application.csproj" />
  <Project Path="IncidentManagement.Domain/IncidentManagement.Domain.csproj" />
  <Project Path="IncidentManagement.Infrastructure/IncidentManagement.Infrastructure.csproj" />
</Solution>
